
Microsoft Visual Studio Solution File, Format Version 12.00
# Visual Studio Version 16
VisualStudioVersion = 16.0.29418.71
MinimumVisualStudioVersion = 10.0.40219.1
Project("{9A19103F-16F7-4668-BE54-9A1E7A4F7556}") = "PaceWeb", "PaceWeb\PaceWeb.csproj", "{ACF197AC-F802-4A3A-A8E7-B36E71F9B36F}"
EndProject
Global
	GlobalSection(SolutionConfigurationPlatforms) = preSolution
		Debug|Any CPU = Debug|Any CPU
		Release|Any CPU = Release|Any CPU
	EndGlobalSection
	GlobalSection(ProjectConfigurationPlatforms) = postSolution
		{ACF197AC-F802-4A3A-A8E7-B36E71F9B36F}.Debug|Any CPU.ActiveCfg = Debug|Any CPU
		{ACF197AC-F802-4A3A-A8E7-B36E71F9B36F}.Debug|Any CPU.Build.0 = Debug|Any CPU
		{ACF197AC-F802-4A3A-A8E7-B36E71F9B36F}.Release|Any CPU.ActiveCfg = Release|Any CPU
		{ACF197AC-F802-4A3A-A8E7-B36E71F9B36F}.Release|Any CPU.Build.0 = Release|Any CPU
	EndGlobalSection
	GlobalSection(SolutionProperties) = preSolution
		HideSolutionNode = FALSE
	EndGlobalSection
	GlobalSection(ExtensibilityGlobals) = postSolution
		SolutionGuid = {80B28816-7ABC-4C31-B3AE-FDCF3712665F}
	EndGlobalSection
EndGlobal
